
Microsoft Visual Studio Solution File, Format Version 12.00
# Visual Studio Version 17
VisualStudioVersion = 17.13.35825.156 d17.13
MinimumVisualStudioVersion = 10.0.40219.1
Project("{FAE04EC0-301F-11D3-BF4B-00C04F79EFBC}") = "FitEaseDesktop", "FitEaseDesktop\FitEaseDesktop.csproj", "{A8012372-4B2D-4AA3-9976-E6C1D077AC91}"
EndProject
Project("{2150E333-8FDC-42A3-9474-1A3956D46DE8}") = "Solution Items", "Solution Items", "{8EC462FD-D22E-90A8-E5CE-7E832BA40C5D}"
	ProjectSection(SolutionItems) = preProject
		fitease.db = fitease.db
	EndProjectSection
EndProject
Global
	GlobalSection(SolutionConfigurationPlatforms) = preSolution
		Debug|Any CPU = Debug|Any CPU
		Release|Any CPU = Release|Any CPU
	EndGlobalSection
	GlobalSection(ProjectConfigurationPlatforms) = postSolution
		{A8012372-4B2D-4AA3-9976-E6C1D077AC91}.Debug|Any CPU.ActiveCfg = Debug|Any CPU
		{A8012372-4B2D-4AA3-9976-E6C1D077AC91}.Debug|Any CPU.Build.0 = Debug|Any CPU
		{A8012372-4B2D-4AA3-9976-E6C1D077AC91}.Release|Any CPU.ActiveCfg = Release|Any CPU
		{A8012372-4B2D-4AA3-9976-E6C1D077AC91}.Release|Any CPU.Build.0 = Release|Any CPU
	EndGlobalSection
	GlobalSection(SolutionProperties) = preSolution
		HideSolutionNode = FALSE
	EndGlobalSection
	GlobalSection(ExtensibilityGlobals) = postSolution
		SolutionGuid = {DA6A3940-5856-46EE-8B0B-4A7903A8EF88}
	EndGlobalSection
EndGlobal
